// !$*UTF8*$!
{
	archiveVersion = 1;
	classes = {
	};
	objectVersion = 56;
	objects = {

/* Begin PBXBuildFile section */
		FD6D3EF22BECFC4D00D8D8F7 /* GeneralDBApp.swift in Sources */ = {isa = PBXBuildFile; fileRef = FD6D3EF12BECFC4D00D8D8F7 /* GeneralDBApp.swift */; };
		FD6D3EF42BECFC4D00D8D8F7 /* ContentView.swift in Sources */ = {isa = PBXBuildFile; fileRef = FD6D3EF32BECFC4D00D8D8F7 /* ContentView.swift */; };
		FD6D3EF62BECFC5000D8D8F7 /* Assets.xcassets in Resources */ = {isa = PBXBuildFile; fileRef = FD6D3EF52BECFC5000D8D8F7 /* Assets.xcassets */; };
		FD6D3EF92BECFC5000D8D8F7 /* Preview Assets.xcassets in Resources */ = {isa = PBXBuildFile; fileRef = FD6D3EF82BECFC5000D8D8F7 /* Preview Assets.xcassets */; };
		FD6D3F022BECFF2000D8D8F7 /* ObjectPattern.swift in Sources */ = {isa = PBXBuildFile; fileRef = FD6D3F012BECFF2000D8D8F7 /* ObjectPattern.swift */; };
		FD6D3F052BED016500D8D8F7 /* ObjectEnums.swift in Sources */ = {isa = PBXBuildFile; fileRef = FD6D3F042BED016500D8D8F7 /* ObjectEnums.swift */; };
		FD6D3F072BED0B7A00D8D8F7 /* Attributmuster.swift in Sources */ = {isa = PBXBuildFile; fileRef = FD6D3F062BED0B7A00D8D8F7 /* Attributmuster.swift */; };
		FD6D3F092BED0E5100D8D8F7 /* AttributEnums.swift in Sources */ = {isa = PBXBuildFile; fileRef = FD6D3F082BED0E5100D8D8F7 /* AttributEnums.swift */; };
		FD6D3F0D2BED122A00D8D8F7 /* ObjectPatternListScreen.swift in Sources */ = {isa = PBXBuildFile; fileRef = FD6D3F0C2BED122A00D8D8F7 /* ObjectPatternListScreen.swift */; };
		FD6D3F102BED146600D8D8F7 /* EditObjectPatternScreen.swift in Sources */ = {isa = PBXBuildFile; fileRef = FD6D3F0F2BED146600D8D8F7 /* EditObjectPatternScreen.swift */; };
		FD6D3F122BED1A2D00D8D8F7 /* ObjectPatternRowView.swift in Sources */ = {isa = PBXBuildFile; fileRef = FD6D3F112BED1A2D00D8D8F7 /* ObjectPatternRowView.swift */; };
		FD6D3F142BED1DE100D8D8F7 /* ObjectPatternListView.swift in Sources */ = {isa = PBXBuildFile; fileRef = FD6D3F132BED1DE100D8D8F7 /* ObjectPatternListView.swift */; };
/* End PBXBuildFile section */

/* Begin PBXFileReference section */
		FD6D3EEE2BECFC4D00D8D8F7 /* GeneralDB.app */ = {isa = PBXFileReference; explicitFileType = wrapper.application; includeInIndex = 0; path = GeneralDB.app; sourceTree = BUILT_PRODUCTS_DIR; };
		FD6D3EF12BECFC4D00D8D8F7 /* GeneralDBApp.swift */ = {isa = PBXFileReference; lastKnownFileType = sourcecode.swift; path = GeneralDBApp.swift; sourceTree = "<group>"; };
		FD6D3EF32BECFC4D00D8D8F7 /* ContentView.swift */ = {isa = PBXFileReference; lastKnownFileType = sourcecode.swift; path = ContentView.swift; sourceTree = "<group>"; };
		FD6D3EF52BECFC5000D8D8F7 /* Assets.xcassets */ = {isa = PBXFileReference; lastKnownFileType = folder.assetcatalog; path = Assets.xcassets; sourceTree = "<group>"; };
		FD6D3EF82BECFC5000D8D8F7 /* Preview Assets.xcassets */ = {isa = PBXFileReference; lastKnownFileType = folder.assetcatalog; path = "Preview Assets.xcassets"; sourceTree = "<group>"; };
		FD6D3EFF2BECFCAD00D8D8F7 /* readMe.md */ = {isa = PBXFileReference; lastKnownFileType = net.daringfireball.markdown; path = readMe.md; sourceTree = "<group>"; };
		FD6D3F012BECFF2000D8D8F7 /* ObjectPattern.swift */ = {isa = PBXFileReference; lastKnownFileType = sourcecode.swift; path = ObjectPattern.swift; sourceTree = "<group>"; };
		FD6D3F042BED016500D8D8F7 /* ObjectEnums.swift */ = {isa = PBXFileReference; lastKnownFileType = sourcecode.swift; path = ObjectEnums.swift; sourceTree = "<group>"; };
		FD6D3F062BED0B7A00D8D8F7 /* Attributmuster.swift */ = {isa = PBXFileReference; lastKnownFileType = sourcecode.swift; path = Attributmuster.swift; sourceTree = "<group>"; };
		FD6D3F082BED0E5100D8D8F7 /* AttributEnums.swift */ = {isa = PBXFileReference; lastKnownFileType = sourcecode.swift; path = AttributEnums.swift; sourceTree = "<group>"; };
		FD6D3F0C2BED122A00D8D8F7 /* ObjectPatternListScreen.swift */ = {isa = PBXFileReference; lastKnownFileType = sourcecode.swift; path = ObjectPatternListScreen.swift; sourceTree = "<group>"; };
		FD6D3F0F2BED146600D8D8F7 /* EditObjectPatternScreen.swift */ = {isa = PBXFileReference; lastKnownFileType = sourcecode.swift; path = EditObjectPatternScreen.swift; sourceTree = "<group>"; };
		FD6D3F112BED1A2D00D8D8F7 /* ObjectPatternRowView.swift */ = {isa = PBXFileReference; lastKnownFileType = sourcecode.swift; path = ObjectPatternRowView.swift; sourceTree = "<group>"; };
		FD6D3F132BED1DE100D8D8F7 /* ObjectPatternListView.swift */ = {isa = PBXFileReference; lastKnownFileType = sourcecode.swift; path = ObjectPatternListView.swift; sourceTree = "<group>"; };
/* End PBXFileReference section */

/* Begin PBXFrameworksBuildPhase section */
		FD6D3EEB2BECFC4D00D8D8F7 /* Frameworks */ = {
			isa = PBXFrameworksBuildPhase;
			buildActionMask = 2147483647;
			files = (
			);
			runOnlyForDeploymentPostprocessing = 0;
		};
/* End PBXFrameworksBuildPhase section */

/* Begin PBXGroup section */
		FD6D3EE52BECFC4D00D8D8F7 = {
			isa = PBXGroup;
			children = (
				FD6D3EF02BECFC4D00D8D8F7 /* GeneralDB */,
				FD6D3EEF2BECFC4D00D8D8F7 /* Products */,
			);
			sourceTree = "<group>";
		};
		FD6D3EEF2BECFC4D00D8D8F7 /* Products */ = {
			isa = PBXGroup;
			children = (
				FD6D3EEE2BECFC4D00D8D8F7 /* GeneralDB.app */,
			);
			name = Products;
			sourceTree = "<group>";
		};
		FD6D3EF02BECFC4D00D8D8F7 /* GeneralDB */ = {
			isa = PBXGroup;
			children = (
				FD6D3EF12BECFC4D00D8D8F7 /* GeneralDBApp.swift */,
				FD6D3F0B2BED119400D8D8F7 /* Views */,
				FD6D3F0A2BED118800D8D8F7 /* Screens */,
				FD6D3F032BED014600D8D8F7 /* enums */,
				FD6D3EF32BECFC4D00D8D8F7 /* ContentView.swift */,
				FD6D3F002BECFEF100D8D8F7 /* Models */,
				FD6D3EFF2BECFCAD00D8D8F7 /* readMe.md */,
				FD6D3EF52BECFC5000D8D8F7 /* Assets.xcassets */,
				FD6D3EF72BECFC5000D8D8F7 /* Preview Content */,
			);
			path = GeneralDB;
			sourceTree = "<group>";
		};
		FD6D3EF72BECFC5000D8D8F7 /* Preview Content */ = {
			isa = PBXGroup;
			children = (
				FD6D3EF82BECFC5000D8D8F7 /* Preview Assets.xcassets */,
			);
			path = "Preview Content";
			sourceTree = "<group>";
		};
		FD6D3F002BECFEF100D8D8F7 /* Models */ = {
			isa = PBXGroup;
			children = (
				FD6D3F012BECFF2000D8D8F7 /* ObjectPattern.swift */,
				FD6D3F062BED0B7A00D8D8F7 /* Attributmuster.swift */,
			);
			path = Models;
			sourceTree = "<group>";
		};
		FD6D3F032BED014600D8D8F7 /* enums */ = {
			isa = PBXGroup;
			children = (
				FD6D3F042BED016500D8D8F7 /* ObjectEnums.swift */,
				FD6D3F082BED0E5100D8D8F7 /* AttributEnums.swift */,
			);
			path = enums;
			sourceTree = "<group>";
		};
		FD6D3F0A2BED118800D8D8F7 /* Screens */ = {
			isa = PBXGroup;
			children = (
				FD6D3F0C2BED122A00D8D8F7 /* ObjectPatternListScreen.swift */,
				FD6D3F0F2BED146600D8D8F7 /* EditObjectPatternScreen.swift */,
			);
			path = Screens;
			sourceTree = "<group>";
		};
		FD6D3F0B2BED119400D8D8F7 /* Views */ = {
			isa = PBXGroup;
			children = (
				FD6D3F112BED1A2D00D8D8F7 /* ObjectPatternRowView.swift */,
				FD6D3F132BED1DE100D8D8F7 /* ObjectPatternListView.swift */,
			);
			path = Views;
			sourceTree = "<group>";
		};
/* End PBXGroup section */

/* Begin PBXNativeTarget section */
		FD6D3EED2BECFC4D00D8D8F7 /* GeneralDB */ = {
			isa = PBXNativeTarget;
			buildConfigurationList = FD6D3EFC2BECFC5000D8D8F7 /* Build configuration list for PBXNativeTarget "GeneralDB" */;
			buildPhases = (
				FD6D3EEA2BECFC4D00D8D8F7 /* Sources */,
				FD6D3EEB2BECFC4D00D8D8F7 /* Frameworks */,
				FD6D3EEC2BECFC4D00D8D8F7 /* Resources */,
			);
			buildRules = (
			);
			dependencies = (
			);
			name = GeneralDB;
			productName = GeneralDB;
			productReference = FD6D3EEE2BECFC4D00D8D8F7 /* GeneralDB.app */;
			productType = "com.apple.product-type.application";
		};
/* End PBXNativeTarget section */

/* Begin PBXProject section */
		FD6D3EE62BECFC4D00D8D8F7 /* Project object */ = {
			isa = PBXProject;
			attributes = {
				BuildIndependentTargetsInParallel = 1;
				LastSwiftUpdateCheck = 1530;
				LastUpgradeCheck = 1530;
				TargetAttributes = {
					FD6D3EED2BECFC4D00D8D8F7 = {
						CreatedOnToolsVersion = 15.3;
					};
				};
			};
			buildConfigurationList = FD6D3EE92BECFC4D00D8D8F7 /* Build configuration list for PBXProject "GeneralDB" */;
			compatibilityVersion = "Xcode 14.0";
			developmentRegion = en;
			hasScannedForEncodings = 0;
			knownRegions = (
				en,
				Base,
			);
			mainGroup = FD6D3EE52BECFC4D00D8D8F7;
			productRefGroup = FD6D3EEF2BECFC4D00D8D8F7 /* Products */;
			projectDirPath = "";
			projectRoot = "";
			targets = (
				FD6D3EED2BECFC4D00D8D8F7 /* GeneralDB */,
			);
		};
/* End PBXProject section */

/* Begin PBXResourcesBuildPhase section */
		FD6D3EEC2BECFC4D00D8D8F7 /* Resources */ = {
			isa = PBXResourcesBuildPhase;
			buildActionMask = 2147483647;
			files = (
				FD6D3EF92BECFC5000D8D8F7 /* Preview Assets.xcassets in Resources */,
				FD6D3EF62BECFC5000D8D8F7 /* Assets.xcassets in Resources */,
			);
			runOnlyForDeploymentPostprocessing = 0;
		};
/* End PBXResourcesBuildPhase section */

/* Begin PBXSourcesBuildPhase section */
		FD6D3EEA2BECFC4D00D8D8F7 /* Sources */ = {
			isa = PBXSourcesBuildPhase;
			buildActionMask = 2147483647;
			files = (
				FD6D3F142BED1DE100D8D8F7 /* ObjectPatternListView.swift in Sources */,
				FD6D3F022BECFF2000D8D8F7 /* ObjectPattern.swift in Sources */,
				FD6D3F092BED0E5100D8D8F7 /* AttributEnums.swift in Sources */,
				FD6D3F122BED1A2D00D8D8F7 /* ObjectPatternRowView.swift in Sources */,
				FD6D3EF42BECFC4D00D8D8F7 /* ContentView.swift in Sources */,
				FD6D3F102BED146600D8D8F7 /* EditObjectPatternScreen.swift in Sources */,
				FD6D3F0D2BED122A00D8D8F7 /* ObjectPatternListScreen.swift in Sources */,
				FD6D3F052BED016500D8D8F7 /* ObjectEnums.swift in Sources */,
				FD6D3EF22BECFC4D00D8D8F7 /* GeneralDBApp.swift in Sources */,
				FD6D3F072BED0B7A00D8D8F7 /* Attributmuster.swift in Sources */,
			);
			runOnlyForDeploymentPostprocessing = 0;
		};
/* End PBXSourcesBuildPhase section */

/* Begin XCBuildConfiguration section */
		FD6D3EFA2BECFC5000D8D8F7 /* Debug */ = {
			isa = XCBuildConfiguration;
			buildSettings = {
				ALWAYS_SEARCH_USER_PATHS = NO;
				ASSETCATALOG_COMPILER_GENERATE_SWIFT_ASSET_SYMBOL_EXTENSIONS = YES;
				CLANG_ANALYZER_NONNULL = YES;
				CLANG_ANALYZER_NUMBER_OBJECT_CONVERSION = YES_AGGRESSIVE;
				CLANG_CXX_LANGUAGE_STANDARD = "gnu++20";
				CLANG_ENABLE_MODULES = YES;
				CLANG_ENABLE_OBJC_ARC = YES;
				CLANG_ENABLE_OBJC_WEAK = YES;
				CLANG_WARN_BLOCK_CAPTURE_AUTORELEASING = YES;
				CLANG_WARN_BOOL_CONVERSION = YES;
				CLANG_WARN_COMMA = YES;
				CLANG_WARN_CONSTANT_CONVERSION = YES;
				CLANG_WARN_DEPRECATED_OBJC_IMPLEMENTATIONS = YES;
				CLANG_WARN_DIRECT_OBJC_ISA_USAGE = YES_ERROR;
				CLANG_WARN_DOCUMENTATION_COMMENTS = YES;
				CLANG_WARN_EMPTY_BODY = YES;
				CLANG_WARN_ENUM_CONVERSION = YES;
				CLANG_WARN_INFINITE_RECURSION = YES;
				CLANG_WARN_INT_CONVERSION = YES;
				CLANG_WARN_NON_LITERAL_NULL_CONVERSION = YES;
				CLANG_WARN_OBJC_IMPLICIT_RETAIN_SELF = YES;
				CLANG_WARN_OBJC_LITERAL_CONVERSION = YES;
				CLANG_WARN_OBJC_ROOT_CLASS = YES_ERROR;
				CLANG_WARN_QUOTED_INCLUDE_IN_FRAMEWORK_HEADER = YES;
				CLANG_WARN_RANGE_LOOP_ANALYSIS = YES;
				CLANG_WARN_STRICT_PROTOTYPES = YES;
				CLANG_WARN_SUSPICIOUS_MOVE = YES;
				CLANG_WARN_UNGUARDED_AVAILABILITY = YES_AGGRESSIVE;
				CLANG_WARN_UNREACHABLE_CODE = YES;
				CLANG_WARN__DUPLICATE_METHOD_MATCH = YES;
				COPY_PHASE_STRIP = NO;
				DEBUG_INFORMATION_FORMAT = dwarf;
				ENABLE_STRICT_OBJC_MSGSEND = YES;
				ENABLE_TESTABILITY = YES;
				ENABLE_USER_SCRIPT_SANDBOXING = YES;
				GCC_C_LANGUAGE_STANDARD = gnu17;
				GCC_DYNAMIC_NO_PIC = NO;
				GCC_NO_COMMON_BLOCKS = YES;
				GCC_OPTIMIZATION_LEVEL = 0;
				GCC_PREPROCESSOR_DEFINITIONS = (
					"DEBUG=1",
					"$(inherited)",
				);
				GCC_WARN_64_TO_32_BIT_CONVERSION = YES;
				GCC_WARN_ABOUT_RETURN_TYPE = YES_ERROR;
				GCC_WARN_UNDECLARED_SELECTOR = YES;
				GCC_WARN_UNINITIALIZED_AUTOS = YES_AGGRESSIVE;
				GCC_WARN_UNUSED_FUNCTION = YES;
				GCC_WARN_UNUSED_VARIABLE = YES;
				IPHONEOS_DEPLOYMENT_TARGET = 17.4;
				LOCALIZATION_PREFERS_STRING_CATALOGS = YES;
				MTL_ENABLE_DEBUG_INFO = INCLUDE_SOURCE;
				MTL_FAST_MATH = YES;
				ONLY_ACTIVE_ARCH = YES;
				SDKROOT = iphoneos;
				SWIFT_ACTIVE_COMPILATION_CONDITIONS = "DEBUG $(inherited)";
				SWIFT_OPTIMIZATION_LEVEL = "-Onone";
			};
			name = Debug;
		};
		FD6D3EFB2BECFC5000D8D8F7 /* Release */ = {
			isa = XCBuildConfiguration;
			buildSettings = {
				ALWAYS_SEARCH_USER_PATHS = NO;
				ASSETCATALOG_COMPILER_GENERATE_SWIFT_ASSET_SYMBOL_EXTENSIONS = YES;
				CLANG_ANALYZER_NONNULL = YES;
				CLANG_ANALYZER_NUMBER_OBJECT_CONVERSION = YES_AGGRESSIVE;
				CLANG_CXX_LANGUAGE_STANDARD = "gnu++20";
				CLANG_ENABLE_MODULES = YES;
				CLANG_ENABLE_OBJC_ARC = YES;
				CLANG_ENABLE_OBJC_WEAK = YES;
				CLANG_WARN_BLOCK_CAPTURE_AUTORELEASING = YES;
				CLANG_WARN_BOOL_CONVERSION = YES;
				CLANG_WARN_COMMA = YES;
				CLANG_WARN_CONSTANT_CONVERSION = YES;
				CLANG_WARN_DEPRECATED_OBJC_IMPLEMENTATIONS = YES;
				CLANG_WARN_DIRECT_OBJC_ISA_USAGE = YES_ERROR;
				CLANG_WARN_DOCUMENTATION_COMMENTS = YES;
				CLANG_WARN_EMPTY_BODY = YES;
				CLANG_WARN_ENUM_CONVERSION = YES;
				CLANG_WARN_INFINITE_RECURSION = YES;
				CLANG_WARN_INT_CONVERSION = YES;
				CLANG_WARN_NON_LITERAL_NULL_CONVERSION = YES;
				CLANG_WARN_OBJC_IMPLICIT_RETAIN_SELF = YES;
				CLANG_WARN_OBJC_LITERAL_CONVERSION = YES;
				CLANG_WARN_OBJC_ROOT_CLASS = YES_ERROR;
				CLANG_WARN_QUOTED_INCLUDE_IN_FRAMEWORK_HEADER = YES;
				CLANG_WARN_RANGE_LOOP_ANALYSIS = YES;
				CLANG_WARN_STRICT_PROTOTYPES = YES;
				CLANG_WARN_SUSPICIOUS_MOVE = YES;
				CLANG_WARN_UNGUARDED_AVAILABILITY = YES_AGGRESSIVE;
				CLANG_WARN_UNREACHABLE_CODE = YES;
				CLANG_WARN__DUPLICATE_METHOD_MATCH = YES;
				COPY_PHASE_STRIP = NO;
				DEBUG_INFORMATION_FORMAT = "dwarf-with-dsym";
				ENABLE_NS_ASSERTIONS = NO;
				ENABLE_STRICT_OBJC_MSGSEND = YES;
				ENABLE_USER_SCRIPT_SANDBOXING = YES;
				GCC_C_LANGUAGE_STANDARD = gnu17;
				GCC_NO_COMMON_BLOCKS = YES;
				GCC_WARN_64_TO_32_BIT_CONVERSION = YES;
				GCC_WARN_ABOUT_RETURN_TYPE = YES_ERROR;
				GCC_WARN_UNDECLARED_SELECTOR = YES;
				GCC_WARN_UNINITIALIZED_AUTOS = YES_AGGRESSIVE;
				GCC_WARN_UNUSED_FUNCTION = YES;
				GCC_WARN_UNUSED_VARIABLE = YES;
				IPHONEOS_DEPLOYMENT_TARGET = 17.4;
				LOCALIZATION_PREFERS_STRING_CATALOGS = YES;
				MTL_ENABLE_DEBUG_INFO = NO;
				MTL_FAST_MATH = YES;
				SDKROOT = iphoneos;
				SWIFT_COMPILATION_MODE = wholemodule;
				VALIDATE_PRODUCT = YES;
			};
			name = Release;
		};
		FD6D3EFD2BECFC5000D8D8F7 /* Debug */ = {
			isa = XCBuildConfiguration;
			buildSettings = {
				ASSETCATALOG_COMPILER_APPICON_NAME = AppIcon;
				ASSETCATALOG_COMPILER_GLOBAL_ACCENT_COLOR_NAME = AccentColor;
				CODE_SIGN_STYLE = Automatic;
				CURRENT_PROJECT_VERSION = 1;
				DEVELOPMENT_ASSET_PATHS = "\"GeneralDB/Preview Content\"";
				DEVELOPMENT_TEAM = 8NJW6WD75F;
				ENABLE_PREVIEWS = YES;
				GENERATE_INFOPLIST_FILE = YES;
				INFOPLIST_KEY_UIApplicationSceneManifest_Generation = YES;
				INFOPLIST_KEY_UIApplicationSupportsIndirectInputEvents = YES;
				INFOPLIST_KEY_UILaunchScreen_Generation = YES;
				INFOPLIST_KEY_UISupportedInterfaceOrientations_iPad = "UIInterfaceOrientationPortrait UIInterfaceOrientationPortraitUpsideDown UIInterfaceOrientationLandscapeLeft UIInterfaceOrientationLandscapeRight";
				INFOPLIST_KEY_UISupportedInterfaceOrientations_iPhone = "UIInterfaceOrientationPortrait UIInterfaceOrientationLandscapeLeft UIInterfaceOrientationLandscapeRight";
				LD_RUNPATH_SEARCH_PATHS = (
					"$(inherited)",
					"@executable_path/Frameworks",
				);
				MARKETING_VERSION = 1.0;
				PRODUCT_BUNDLE_IDENTIFIER = PB.GeneralDB;
				PRODUCT_NAME = "$(TARGET_NAME)";
				SWIFT_EMIT_LOC_STRINGS = YES;
				SWIFT_VERSION = 5.0;
				TARGETED_DEVICE_FAMILY = "1,2";
			};
			name = Debug;
		};
		FD6D3EFE2BECFC5000D8D8F7 /* Release */ = {
			isa = XCBuildConfiguration;
			buildSettings = {
				ASSETCATALOG_COMPILER_APPICON_NAME = AppIcon;
				ASSETCATALOG_COMPILER_GLOBAL_ACCENT_COLOR_NAME = AccentColor;
				CODE_SIGN_STYLE = Automatic;
				CURRENT_PROJECT_VERSION = 1;
				DEVELOPMENT_ASSET_PATHS = "\"GeneralDB/Preview Content\"";
				DEVELOPMENT_TEAM = 8NJW6WD75F;
				ENABLE_PREVIEWS = YES;
				GENERATE_INFOPLIST_FILE = YES;
				INFOPLIST_KEY_UIApplicationSceneManifest_Generation = YES;
				INFOPLIST_KEY_UIApplicationSupportsIndirectInputEvents = YES;
				INFOPLIST_KEY_UILaunchScreen_Generation = YES;
				INFOPLIST_KEY_UISupportedInterfaceOrientations_iPad = "UIInterfaceOrientationPortrait UIInterfaceOrientationPortraitUpsideDown UIInterfaceOrientationLandscapeLeft UIInterfaceOrientationLandscapeRight";
				INFOPLIST_KEY_UISupportedInterfaceOrientations_iPhone = "UIInterfaceOrientationPortrait UIInterfaceOrientationLandscapeLeft UIInterfaceOrientationLandscapeRight";
				LD_RUNPATH_SEARCH_PATHS = (
					"$(inherited)",
					"@executable_path/Frameworks",
				);
				MARKETING_VERSION = 1.0;
				PRODUCT_BUNDLE_IDENTIFIER = PB.GeneralDB;
				PRODUCT_NAME = "$(TARGET_NAME)";
				SWIFT_EMIT_LOC_STRINGS = YES;
				SWIFT_VERSION = 5.0;
				TARGETED_DEVICE_FAMILY = "1,2";
			};
			name = Release;
		};
/* End XCBuildConfiguration section */

/* Begin XCConfigurationList section */
		FD6D3EE92BECFC4D00D8D8F7 /* Build configuration list for PBXProject "GeneralDB" */ = {
			isa = XCConfigurationList;
			buildConfigurations = (
				FD6D3EFA2BECFC5000D8D8F7 /* Debug */,
				FD6D3EFB2BECFC5000D8D8F7 /* Release */,
			);
			defaultConfigurationIsVisible = 0;
			defaultConfigurationName = Release;
		};
		FD6D3EFC2BECFC5000D8D8F7 /* Build configuration list for PBXNativeTarget "GeneralDB" */ = {
			isa = XCConfigurationList;
			buildConfigurations = (
				FD6D3EFD2BECFC5000D8D8F7 /* Debug */,
				FD6D3EFE2BECFC5000D8D8F7 /* Release */,
			);
			defaultConfigurationIsVisible = 0;
			defaultConfigurationName = Release;
		};
/* End XCConfigurationList section */
	};
	rootObject = FD6D3EE62BECFC4D00D8D8F7 /* Project object */;
}
